
Microsoft Visual Studio Solution File, Format Version 12.00
# Visual Studio Version 16
VisualStudioVersion = 16.0.29025.244
MinimumVisualStudioVersion = 10.0.40219.1
Project("{FAE04EC0-301F-11D3-BF4B-00C04F79EFBC}") = "AdiSample", "AdiSample\AdiSample.csproj", "{1E1AE284-0D07-4164-A7AF-09865DABC653}"
EndProject
Global
	GlobalSection(SolutionConfigurationPlatforms) = preSolution
		Debug|Any CPU = Debug|Any CPU
		Release|Any CPU = Release|Any CPU
	EndGlobalSection
	GlobalSection(ProjectConfigurationPlatforms) = postSolution
		{1E1AE284-0D07-4164-A7AF-09865DABC653}.Debug|Any CPU.ActiveCfg = Debug|Any CPU
		{1E1AE284-0D07-4164-A7AF-09865DABC653}.Debug|Any CPU.Build.0 = Debug|Any CPU
		{1E1AE284-0D07-4164-A7AF-09865DABC653}.Release|Any CPU.ActiveCfg = Release|Any CPU
		{1E1AE284-0D07-4164-A7AF-09865DABC653}.Release|Any CPU.Build.0 = Release|Any CPU
	EndGlobalSection
	GlobalSection(SolutionProperties) = preSolution
		HideSolutionNode = FALSE
	EndGlobalSection
	GlobalSection(ExtensibilityGlobals) = postSolution
		SolutionGuid = {C9AEB96C-60C3-45D0-87F6-B0B6150B5C98}
	EndGlobalSection
EndGlobal
